PODS:
  - Flutter (1.0.0)
  - integration_test (0.0.1):
    - Flutter
  - screen_time_blocker (0.0.1):
    - Flutter

DEPENDENCIES:
  - Flutter (from `Flutter`)
  - integration_test (from `.symlinks/plugins/integration_test/ios`)
  - screen_time_blocker (from `.symlinks/plugins/screen_time_blocker/ios`)

EXTERNAL SOURCES:
  Flutter:
    :path: Flutter
  integration_test:
    :path: ".symlinks/plugins/integration_test/ios"
  screen_time_blocker:
    :path: ".symlinks/plugins/screen_time_blocker/ios"

SPEC CHECKSUMS:
  Flutter: cabc95a1d2626b1b06e7179b784ebcf0c0cde467
  integration_test: 4a889634ef21a45d28d50d622cf412dc6d9f586e
  screen_time_blocker: 0661b5ad70e548f80644d8900b5492ad2ba5cc34

PODFILE CHECKSUM: 3c63482e143d1b91d2d2560aee9fb04ecc74ac7e

COCOAPODS: 1.16.2
